
Microsoft Visual Studio Solution File, Format Version 12.00
# Visual Studio Version 17
VisualStudioVersion = 17.13.35919.96 d17.13
MinimumVisualStudioVersion = 10.0.40219.1
Project("{FAE04EC0-301F-11D3-BF4B-00C04F79EFBC}") = "abc", "abc\abc.csproj", "{F8A6DD6E-45FB-4761-A81C-9CAEF4AFFDC1}"
EndProject
Global
	GlobalSection(SolutionConfigurationPlatforms) = preSolution
		Debug|Any CPU = Debug|Any CPU
		Release|Any CPU = Release|Any CPU
	EndGlobalSection
	GlobalSection(ProjectConfigurationPlatforms) = postSolution
		{F8A6DD6E-45FB-4761-A81C-9CAEF4AFFDC1}.Debug|Any CPU.ActiveCfg = Debug|Any CPU
		{F8A6DD6E-45FB-4761-A81C-9CAEF4AFFDC1}.Debug|Any CPU.Build.0 = Debug|Any CPU
		{F8A6DD6E-45FB-4761-A81C-9CAEF4AFFDC1}.Release|Any CPU.ActiveCfg = Release|Any CPU
		{F8A6DD6E-45FB-4761-A81C-9CAEF4AFFDC1}.Release|Any CPU.Build.0 = Release|Any CPU
	EndGlobalSection
	GlobalSection(SolutionProperties) = preSolution
		HideSolutionNode = FALSE
	EndGlobalSection
	GlobalSection(ExtensibilityGlobals) = postSolution
		SolutionGuid = {E3CE987E-F8FA-4E4A-8097-D70AD8374948}
	EndGlobalSection
EndGlobal
